[ "cowboy": {:git,"https://github.com/extend/cowboy.git","dbc1bc6d91548b199fc86a477bdc1873faa890ac",[]},
  "emysql": {:git,"https://github.com/Eonblast/Emysql.git","72700e58fec8a68195d8143d8c6a72c118367cb6",[]},
  "exconfig": {:git,"https://github.com/yrashk/exconfig.git","9f02d06c3fba132839cff1f9a639fd63aa2155a3",[]},
  "genx": {:git,"https://github.com/yrashk/genx.git","1a37f862edba8a8bec342ae4945fac623f2e49ab",[]},
  "ranch": {:git,"https://github.com/extend/ranch.git","5c5a87fe1ed4740bf9b81399d00cceb0213c7a2c",[]} ]
